// !$*UTF8*$!
{
	archiveVersion = 1;
	classes = {
	};
	objectVersion = 50;
	objects = {

/* Begin PBXBuildFile section */
		9B19655D23C91345007F2460 /* AppDelegate.swift in Sources */ = {isa = PBXBuildFile; fileRef = 9B19655C23C91345007F2460 /* AppDelegate.swift */; };
		9B19655F23C91345007F2460 /* SceneDelegate.swift in Sources */ = {isa = PBXBuildFile; fileRef = 9B19655E23C91345007F2460 /* SceneDelegate.swift */; };
		9B19656123C91345007F2460 /* ViewController.swift in Sources */ = {isa = PBXBuildFile; fileRef = 9B19656023C91345007F2460 /* ViewController.swift */; };
		9B19656423C91345007F2460 /* Main.storyboard in Resources */ = {isa = PBXBuildFile; fileRef = 9B19656223C91345007F2460 /* Main.storyboard */; };
		9B19656623C91349007F2460 /* Assets.xcassets in Resources */ = {isa = PBXBuildFile; fileRef = 9B19656523C91349007F2460 /* Assets.xcassets */; };
		9B19656923C91349007F2460 /* LaunchScreen.storyboard in Resources */ = {isa = PBXBuildFile; fileRef = 9B19656723C91349007F2460 /* LaunchScreen.storyboard */; };
		9B19657423C91349007F2460 /* overlay_DemoTests.swift in Sources */ = {isa = PBXBuildFile; fileRef = 9B19657323C91349007F2460 /* overlay_DemoTests.swift */; };
		9B19657F23C91349007F2460 /* overlay_DemoUITests.swift in Sources */ = {isa = PBXBuildFile; fileRef = 9B19657E23C91349007F2460 /* overlay_DemoUITests.swift */; };
		9B19658F23C914BC007F2460 /* Places.plist in Resources */ = {isa = PBXBuildFile; fileRef = 9B19658E23C914BC007F2460 /* Places.plist */; };
		9B19659123C91582007F2460 /* place.swift in Sources */ = {isa = PBXBuildFile; fileRef = 9B19659023C91582007F2460 /* place.swift */; };
/* End PBXBuildFile section */

/* Begin PBXContainerItemProxy section */
		9B19657023C91349007F2460 /* PBXContainerItemProxy */ = {
			isa = PBXContainerItemProxy;
			containerPortal = 9B19655123C91344007F2460 /* Project object */;
			proxyType = 1;
			remoteGlobalIDString = 9B19655823C91344007F2460;
			remoteInfo = "overlay Demo";
		};
		9B19657B23C91349007F2460 /* PBXContainerItemProxy */ = {
			isa = PBXContainerItemProxy;
			containerPortal = 9B19655123C91344007F2460 /* Project object */;
			proxyType = 1;
			remoteGlobalIDString = 9B19655823C91344007F2460;
			remoteInfo = "overlay Demo";
		};
/* End PBXContainerItemProxy section */

/* Begin PBXFileReference section */
		9B19655923C91344007F2460 /* overlay Demo.app */ = {isa = PBXFileReference; explicitFileType = wrapper.application; includeInIndex = 0; path = "overlay Demo.app"; sourceTree = BUILT_PRODUCTS_DIR; };
		9B19655C23C91345007F2460 /* AppDelegate.swift */ = {isa = PBXFileReference; lastKnownFileType = sourcecode.swift; path = AppDelegate.swift; sourceTree = "<group>"; };
		9B19655E23C91345007F2460 /* SceneDelegate.swift */ = {isa = PBXFileReference; lastKnownFileType = sourcecode.swift; path = SceneDelegate.swift; sourceTree = "<group>"; };
		9B19656023C91345007F2460 /* ViewController.swift */ = {isa = PBXFileReference; lastKnownFileType = sourcecode.swift; path = ViewController.swift; sourceTree = "<group>"; };
		9B19656323C91345007F2460 /* Base */ = {isa = PBXFileReference; lastKnownFileType = file.storyboard; name = Base; path = Base.lproj/Main.storyboard; sourceTree = "<group>"; };
		9B19656523C91349007F2460 /* Assets.xcassets */ = {isa = PBXFileReference; lastKnownFileType = folder.assetcatalog; path = Assets.xcassets; sourceTree = "<group>"; };
		9B19656823C91349007F2460 /* Base */ = {isa = PBXFileReference; lastKnownFileType = file.storyboard; name = Base; path = Base.lproj/LaunchScreen.storyboard; sourceTree = "<group>"; };
		9B19656A23C91349007F2460 /* Info.plist */ = {isa = PBXFileReference; lastKnownFileType = text.plist.xml; path = Info.plist; sourceTree = "<group>"; };
		9B19656F23C91349007F2460 /* overlay DemoTests.xctest */ = {isa = PBXFileReference; explicitFileType = wrapper.cfbundle; includeInIndex = 0; path = "overlay DemoTests.xctest"; sourceTree = BUILT_PRODUCTS_DIR; };
		9B19657323C91349007F2460 /* overlay_DemoTests.swift */ = {isa = PBXFileReference; lastKnownFileType = sourcecode.swift; path = overlay_DemoTests.swift; sourceTree = "<group>"; };
		9B19657523C91349007F2460 /* Info.plist */ = {isa = PBXFileReference; lastKnownFileType = text.plist.xml; path = Info.plist; sourceTree = "<group>"; };
		9B19657A23C91349007F2460 /* overlay DemoUITests.xctest */ = {isa = PBXFileReference; explicitFileType = wrapper.cfbundle; includeInIndex = 0; path = "overlay DemoUITests.xctest"; sourceTree = BUILT_PRODUCTS_DIR; };
		9B19657E23C91349007F2460 /* overlay_DemoUITests.swift */ = {isa = PBXFileReference; lastKnownFileType = sourcecode.swift; path = overlay_DemoUITests.swift; sourceTree = "<group>"; };
		9B19658023C91349007F2460 /* Info.plist */ = {isa = PBXFileReference; lastKnownFileType = text.plist.xml; path = Info.plist; sourceTree = "<group>"; };
		9B19658E23C914BC007F2460 /* Places.plist */ = {isa = PBXFileReference; fileEncoding = 4; lastKnownFileType = text.plist.xml; path = Places.plist; sourceTree = "<group>"; };
		9B19659023C91582007F2460 /* place.swift */ = {isa = PBXFileReference; lastKnownFileType = sourcecode.swift; path = place.swift; sourceTree = "<group>"; };
/* End PBXFileReference section */

/* Begin PBXFrameworksBuildPhase section */
		9B19655623C91344007F2460 /* Frameworks */ = {
			isa = PBXFrameworksBuildPhase;
			buildActionMask = 2147483647;
			files = (
			);
			runOnlyForDeploymentPostprocessing = 0;
		};
		9B19656C23C91349007F2460 /* Frameworks */ = {
			isa = PBXFrameworksBuildPhase;
			buildActionMask = 2147483647;
			files = (
			);
			runOnlyForDeploymentPostprocessing = 0;
		};
		9B19657723C91349007F2460 /* Frameworks */ = {
			isa = PBXFrameworksBuildPhase;
			buildActionMask = 2147483647;
			files = (
			);
			runOnlyForDeploymentPostprocessing = 0;
		};
/* End PBXFrameworksBuildPhase section */

/* Begin PBXGroup section */
		9B19655023C91344007F2460 = {
			isa = PBXGroup;
			children = (
				9B19655B23C91344007F2460 /* overlay Demo */,
				9B19657223C91349007F2460 /* overlay DemoTests */,
				9B19657D23C91349007F2460 /* overlay DemoUITests */,
				9B19655A23C91344007F2460 /* Products */,
			);
			sourceTree = "<group>";
		};
		9B19655A23C91344007F2460 /* Products */ = {
			isa = PBXGroup;
			children = (
				9B19655923C91344007F2460 /* overlay Demo.app */,
				9B19656F23C91349007F2460 /* overlay DemoTests.xctest */,
				9B19657A23C91349007F2460 /* overlay DemoUITests.xctest */,
			);
			name = Products;
			sourceTree = "<group>";
		};
		9B19655B23C91344007F2460 /* overlay Demo */ = {
			isa = PBXGroup;
			children = (
				9B19655C23C91345007F2460 /* AppDelegate.swift */,
				9B19655E23C91345007F2460 /* SceneDelegate.swift */,
				9B19656023C91345007F2460 /* ViewController.swift */,
				9B19656223C91345007F2460 /* Main.storyboard */,
				9B19656523C91349007F2460 /* Assets.xcassets */,
				9B19656723C91349007F2460 /* LaunchScreen.storyboard */,
				9B19656A23C91349007F2460 /* Info.plist */,
				9B19658E23C914BC007F2460 /* Places.plist */,
				9B19659023C91582007F2460 /* place.swift */,
			);
			path = "overlay Demo";
			sourceTree = "<group>";
		};
		9B19657223C91349007F2460 /* overlay DemoTests */ = {
			isa = PBXGroup;
			children = (
				9B19657323C91349007F2460 /* overlay_DemoTests.swift */,
				9B19657523C91349007F2460 /* Info.plist */,
			);
			path = "overlay DemoTests";
			sourceTree = "<group>";
		};
		9B19657D23C91349007F2460 /* overlay DemoUITests */ = {
			isa = PBXGroup;
			children = (
				9B19657E23C91349007F2460 /* overlay_DemoUITests.swift */,
				9B19658023C91349007F2460 /* Info.plist */,
			);
			path = "overlay DemoUITests";
			sourceTree = "<group>";
		};
/* End PBXGroup section */

/* Begin PBXNativeTarget section */
		9B19655823C91344007F2460 /* overlay Demo */ = {
			isa = PBXNativeTarget;
			buildConfigurationList = 9B19658323C91349007F2460 /* Build configuration list for PBXNativeTarget "overlay Demo" */;
			buildPhases = (
				9B19655523C91344007F2460 /* Sources */,
				9B19655623C91344007F2460 /* Frameworks */,
				9B19655723C91344007F2460 /* Resources */,
			);
			buildRules = (
			);
			dependencies = (
			);
			name = "overlay Demo";
			productName = "overlay Demo";
			productReference = 9B19655923C91344007F2460 /* overlay Demo.app */;
			productType = "com.apple.product-type.application";
		};
		9B19656E23C91349007F2460 /* overlay DemoTests */ = {
			isa = PBXNativeTarget;
			buildConfigurationList = 9B19658623C91349007F2460 /* Build configuration list for PBXNativeTarget "overlay DemoTests" */;
			buildPhases = (
				9B19656B23C91349007F2460 /* Sources */,
				9B19656C23C91349007F2460 /* Frameworks */,
				9B19656D23C91349007F2460 /* Resources */,
			);
			buildRules = (
			);
			dependencies = (
				9B19657123C91349007F2460 /* PBXTargetDependency */,
			);
			name = "overlay DemoTests";
			productName = "overlay DemoTests";
			productReference = 9B19656F23C91349007F2460 /* overlay DemoTests.xctest */;
			productType = "com.apple.product-type.bundle.unit-test";
		};
		9B19657923C91349007F2460 /* overlay DemoUITests */ = {
			isa = PBXNativeTarget;
			buildConfigurationList = 9B19658923C91349007F2460 /* Build configuration list for PBXNativeTarget "overlay DemoUITests" */;
			buildPhases = (
				9B19657623C91349007F2460 /* Sources */,
				9B19657723C91349007F2460 /* Frameworks */,
				9B19657823C91349007F2460 /* Resources */,
			);
			buildRules = (
			);
			dependencies = (
				9B19657C23C91349007F2460 /* PBXTargetDependency */,
			);
			name = "overlay DemoUITests";
			productName = "overlay DemoUITests";
			productReference = 9B19657A23C91349007F2460 /* overlay DemoUITests.xctest */;
			productType = "com.apple.product-type.bundle.ui-testing";
		};
/* End PBXNativeTarget section */

/* Begin PBXProject section */
		9B19655123C91344007F2460 /* Project object */ = {
			isa = PBXProject;
			attributes = {
				LastSwiftUpdateCheck = 1130;
				LastUpgradeCheck = 1130;
				ORGANIZATIONNAME = MacStudent;
				TargetAttributes = {
					9B19655823C91344007F2460 = {
						CreatedOnToolsVersion = 11.3;
					};
					9B19656E23C91349007F2460 = {
						CreatedOnToolsVersion = 11.3;
						TestTargetID = 9B19655823C91344007F2460;
					};
					9B19657923C91349007F2460 = {
						CreatedOnToolsVersion = 11.3;
						TestTargetID = 9B19655823C91344007F2460;
					};
				};
			};
			buildConfigurationList = 9B19655423C91344007F2460 /* Build configuration list for PBXProject "overlay Demo" */;
			compatibilityVersion = "Xcode 9.3";
			developmentRegion = en;
			hasScannedForEncodings = 0;
			knownRegions = (
				en,
				Base,
			);
			mainGroup = 9B19655023C91344007F2460;
			productRefGroup = 9B19655A23C91344007F2460 /* Products */;
			projectDirPath = "";
			projectRoot = "";
			targets = (
				9B19655823C91344007F2460 /* overlay Demo */,
				9B19656E23C91349007F2460 /* overlay DemoTests */,
				9B19657923C91349007F2460 /* overlay DemoUITests */,
			);
		};
/* End PBXProject section */

/* Begin PBXResourcesBuildPhase section */
		9B19655723C91344007F2460 /* Resources */ = {
			isa = PBXResourcesBuildPhase;
			buildActionMask = 2147483647;
			files = (
				9B19656923C91349007F2460 /* LaunchScreen.storyboard in Resources */,
				9B19658F23C914BC007F2460 /* Places.plist in Resources */,
				9B19656623C91349007F2460 /* Assets.xcassets in Resources */,
				9B19656423C91345007F2460 /* Main.storyboard in Resources */,
			);
			runOnlyForDeploymentPostprocessing = 0;
		};
		9B19656D23C91349007F2460 /* Resources */ = {
			isa = PBXResourcesBuildPhase;
			buildActionMask = 2147483647;
			files = (
			);
			runOnlyForDeploymentPostprocessing = 0;
		};
		9B19657823C91349007F2460 /* Resources */ = {
			isa = PBXResourcesBuildPhase;
			buildActionMask = 2147483647;
			files = (
			);
			runOnlyForDeploymentPostprocessing = 0;
		};
/* End PBXResourcesBuildPhase section */

/* Begin PBXSourcesBuildPhase section */
		9B19655523C91344007F2460 /* Sources */ = {
			isa = PBXSourcesBuildPhase;
			buildActionMask = 2147483647;
			files = (
				9B19656123C91345007F2460 /* ViewController.swift in Sources */,
				9B19655D23C91345007F2460 /* AppDelegate.swift in Sources */,
				9B19655F23C91345007F2460 /* SceneDelegate.swift in Sources */,
				9B19659123C91582007F2460 /* place.swift in Sources */,
			);
			runOnlyForDeploymentPostprocessing = 0;
		};
		9B19656B23C91349007F2460 /* Sources */ = {
			isa = PBXSourcesBuildPhase;
			buildActionMask = 2147483647;
			files = (
				9B19657423C91349007F2460 /* overlay_DemoTests.swift in Sources */,
			);
			runOnlyForDeploymentPostprocessing = 0;
		};
		9B19657623C91349007F2460 /* Sources */ = {
			isa = PBXSourcesBuildPhase;
			buildActionMask = 2147483647;
			files = (
				9B19657F23C91349007F2460 /* overlay_DemoUITests.swift in Sources */,
			);
			runOnlyForDeploymentPostprocessing = 0;
		};
/* End PBXSourcesBuildPhase section */

/* Begin PBXTargetDependency section */
		9B19657123C91349007F2460 /* PBXTargetDependency */ = {
			isa = PBXTargetDependency;
			target = 9B19655823C91344007F2460 /* overlay Demo */;
			targetProxy = 9B19657023C91349007F2460 /* PBXContainerItemProxy */;
		};
		9B19657C23C91349007F2460 /* PBXTargetDependency */ = {
			isa = PBXTargetDependency;
			target = 9B19655823C91344007F2460 /* overlay Demo */;
			targetProxy = 9B19657B23C91349007F2460 /* PBXContainerItemProxy */;
		};
/* End PBXTargetDependency section */

/* Begin PBXVariantGroup section */
		9B19656223C91345007F2460 /* Main.storyboard */ = {
			isa = PBXVariantGroup;
			children = (
				9B19656323C91345007F2460 /* Base */,
			);
			name = Main.storyboard;
			sourceTree = "<group>";
		};
		9B19656723C91349007F2460 /* LaunchScreen.storyboard */ = {
			isa = PBXVariantGroup;
			children = (
				9B19656823C91349007F2460 /* Base */,
			);
			name = LaunchScreen.storyboard;
			sourceTree = "<group>";
		};
/* End PBXVariantGroup section */

/* Begin XCBuildConfiguration section */
		9B19658123C91349007F2460 /* Debug */ = {
			isa = XCBuildConfiguration;
			buildSettings = {
				ALWAYS_SEARCH_USER_PATHS = NO;
				CLANG_ANALYZER_NONNULL = YES;
				CLANG_ANALYZER_NUMBER_OBJECT_CONVERSION = YES_AGGRESSIVE;
				CLANG_CXX_LANGUAGE_STANDARD = "gnu++14";
				CLANG_CXX_LIBRARY = "libc++";
				CLANG_ENABLE_MODULES = YES;
				CLANG_ENABLE_OBJC_ARC = YES;
				CLANG_ENABLE_OBJC_WEAK = YES;
				CLANG_WARN_BLOCK_CAPTURE_AUTORELEASING = YES;
				CLANG_WARN_BOOL_CONVERSION = YES;
				CLANG_WARN_COMMA = YES;
				CLANG_WARN_CONSTANT_CONVERSION = YES;
				CLANG_WARN_DEPRECATED_OBJC_IMPLEMENTATIONS = YES;
				CLANG_WARN_DIRECT_OBJC_ISA_USAGE = YES_ERROR;
				CLANG_WARN_DOCUMENTATION_COMMENTS = YES;
				CLANG_WARN_EMPTY_BODY = YES;
				CLANG_WARN_ENUM_CONVERSION = YES;
				CLANG_WARN_INFINITE_RECURSION = YES;
				CLANG_WARN_INT_CONVERSION = YES;
				CLANG_WARN_NON_LITERAL_NULL_CONVERSION = YES;
				CLANG_WARN_OBJC_IMPLICIT_RETAIN_SELF = YES;
				CLANG_WARN_OBJC_LITERAL_CONVERSION = YES;
				CLANG_WARN_OBJC_ROOT_CLASS = YES_ERROR;
				CLANG_WARN_RANGE_LOOP_ANALYSIS = YES;
				CLANG_WARN_STRICT_PROTOTYPES = YES;
				CLANG_WARN_SUSPICIOUS_MOVE = YES;
				CLANG_WARN_UNGUARDED_AVAILABILITY = YES_AGGRESSIVE;
				CLANG_WARN_UNREACHABLE_CODE = YES;
				CLANG_WARN__DUPLICATE_METHOD_MATCH = YES;
				COPY_PHASE_STRIP = NO;
				DEBUG_INFORMATION_FORMAT = dwarf;
				ENABLE_STRICT_OBJC_MSGSEND = YES;
				ENABLE_TESTABILITY = YES;
				GCC_C_LANGUAGE_STANDARD = gnu11;
				GCC_DYNAMIC_NO_PIC = NO;
				GCC_NO_COMMON_BLOCKS = YES;
				GCC_OPTIMIZATION_LEVEL = 0;
				GCC_PREPROCESSOR_DEFINITIONS = (
					"DEBUG=1",
					"$(inherited)",
				);
				GCC_WARN_64_TO_32_BIT_CONVERSION = YES;
				GCC_WARN_ABOUT_RETURN_TYPE = YES_ERROR;
				GCC_WARN_UNDECLARED_SELECTOR = YES;
				GCC_WARN_UNINITIALIZED_AUTOS = YES_AGGRESSIVE;
				GCC_WARN_UNUSED_FUNCTION = YES;
				GCC_WARN_UNUSED_VARIABLE = YES;
				IPHONEOS_DEPLOYMENT_TARGET = 13.2;
				MTL_ENABLE_DEBUG_INFO = INCLUDE_SOURCE;
				MTL_FAST_MATH = YES;
				ONLY_ACTIVE_ARCH = YES;
				SDKROOT = iphoneos;
				SWIFT_ACTIVE_COMPILATION_CONDITIONS = DEBUG;
				SWIFT_OPTIMIZATION_LEVEL = "-Onone";
			};
			name = Debug;
		};
		9B19658223C91349007F2460 /* Release */ = {
			isa = XCBuildConfiguration;
			buildSettings = {
				ALWAYS_SEARCH_USER_PATHS = NO;
				CLANG_ANALYZER_NONNULL = YES;
				CLANG_ANALYZER_NUMBER_OBJECT_CONVERSION = YES_AGGRESSIVE;
				CLANG_CXX_LANGUAGE_STANDARD = "gnu++14";
				CLANG_CXX_LIBRARY = "libc++";
				CLANG_ENABLE_MODULES = YES;
				CLANG_ENABLE_OBJC_ARC = YES;
				CLANG_ENABLE_OBJC_WEAK = YES;
				CLANG_WARN_BLOCK_CAPTURE_AUTORELEASING = YES;
				CLANG_WARN_BOOL_CONVERSION = YES;
				CLANG_WARN_COMMA = YES;
				CLANG_WARN_CONSTANT_CONVERSION = YES;
				CLANG_WARN_DEPRECATED_OBJC_IMPLEMENTATIONS = YES;
				CLANG_WARN_DIRECT_OBJC_ISA_USAGE = YES_ERROR;
				CLANG_WARN_DOCUMENTATION_COMMENTS = YES;
				CLANG_WARN_EMPTY_BODY = YES;
				CLANG_WARN_ENUM_CONVERSION = YES;
				CLANG_WARN_INFINITE_RECURSION = YES;
				CLANG_WARN_INT_CONVERSION = YES;
				CLANG_WARN_NON_LITERAL_NULL_CONVERSION = YES;
				CLANG_WARN_OBJC_IMPLICIT_RETAIN_SELF = YES;
				CLANG_WARN_OBJC_LITERAL_CONVERSION = YES;
				CLANG_WARN_OBJC_ROOT_CLASS = YES_ERROR;
				CLANG_WARN_RANGE_LOOP_ANALYSIS = YES;
				CLANG_WARN_STRICT_PROTOTYPES = YES;
				CLANG_WARN_SUSPICIOUS_MOVE = YES;
				CLANG_WARN_UNGUARDED_AVAILABILITY = YES_AGGRESSIVE;
				CLANG_WARN_UNREACHABLE_CODE = YES;
				CLANG_WARN__DUPLICATE_METHOD_MATCH = YES;
				COPY_PHASE_STRIP = NO;
				DEBUG_INFORMATION_FORMAT = "dwarf-with-dsym";
				ENABLE_NS_ASSERTIONS = NO;
				ENABLE_STRICT_OBJC_MSGSEND = YES;
				GCC_C_LANGUAGE_STANDARD = gnu11;
				GCC_NO_COMMON_BLOCKS = YES;
				GCC_WARN_64_TO_32_BIT_CONVERSION = YES;
				GCC_WARN_ABOUT_RETURN_TYPE = YES_ERROR;
				GCC_WARN_UNDECLARED_SELECTOR = YES;
				GCC_WARN_UNINITIALIZED_AUTOS = YES_AGGRESSIVE;
				GCC_WARN_UNUSED_FUNCTION = YES;
				GCC_WARN_UNUSED_VARIABLE = YES;
				IPHONEOS_DEPLOYMENT_TARGET = 13.2;
				MTL_ENABLE_DEBUG_INFO = NO;
				MTL_FAST_MATH = YES;
				SDKROOT = iphoneos;
				SWIFT_COMPILATION_MODE = wholemodule;
				SWIFT_OPTIMIZATION_LEVEL = "-O";
				VALIDATE_PRODUCT = YES;
			};
			name = Release;
		};
		9B19658423C91349007F2460 /* Debug */ = {
			isa = XCBuildConfiguration;
			buildSettings = {
				ASSETCATALOG_COMPILER_APPICON_NAME = AppIcon;
				CODE_SIGN_STYLE = Automatic;
				INFOPLIST_FILE = "overlay Demo/Info.plist";
				LD_RUNPATH_SEARCH_PATHS = (
					"$(inherited)",
					"@executable_path/Frameworks",
				);
				PRODUCT_BUNDLE_IDENTIFIER = "CestarCollege.overlay-Demo";
				PRODUCT_NAME = "$(TARGET_NAME)";
				SWIFT_VERSION = 5.0;
				TARGETED_DEVICE_FAMILY = "1,2";
			};
			name = Debug;
		};
		9B19658523C91349007F2460 /* Release */ = {
			isa = XCBuildConfiguration;
			buildSettings = {
				ASSETCATALOG_COMPILER_APPICON_NAME = AppIcon;
				CODE_SIGN_STYLE = Automatic;
				INFOPLIST_FILE = "overlay Demo/Info.plist";
				LD_RUNPATH_SEARCH_PATHS = (
					"$(inherited)",
					"@executable_path/Frameworks",
				);
				PRODUCT_BUNDLE_IDENTIFIER = "CestarCollege.overlay-Demo";
				PRODUCT_NAME = "$(TARGET_NAME)";
				SWIFT_VERSION = 5.0;
				TARGETED_DEVICE_FAMILY = "1,2";
			};
			name = Release;
		};
		9B19658723C91349007F2460 /* Debug */ = {
			isa = XCBuildConfiguration;
			buildSettings = {
				ALWAYS_EMBED_SWIFT_STANDARD_LIBRARIES = YES;
				BUNDLE_LOADER = "$(TEST_HOST)";
				CODE_SIGN_STYLE = Automatic;
				INFOPLIST_FILE = "overlay DemoTests/Info.plist";
				IPHONEOS_DEPLOYMENT_TARGET = 13.2;
				LD_RUNPATH_SEARCH_PATHS = (
					"$(inherited)",
					"@executable_path/Frameworks",
					"@loader_path/Frameworks",
				);
				PRODUCT_BUNDLE_IDENTIFIER = "CestarCollege.overlay-DemoTests";
				PRODUCT_NAME = "$(TARGET_NAME)";
				SWIFT_VERSION = 5.0;
				TARGETED_DEVICE_FAMILY = "1,2";
				TEST_HOST = "$(BUILT_PRODUCTS_DIR)/overlay Demo.app/overlay Demo";
			};
			name = Debug;
		};
		9B19658823C91349007F2460 /* Release */ = {
			isa = XCBuildConfiguration;
			buildSettings = {
				ALWAYS_EMBED_SWIFT_STANDARD_LIBRARIES = YES;
				BUNDLE_LOADER = "$(TEST_HOST)";
				CODE_SIGN_STYLE = Automatic;
				INFOPLIST_FILE = "overlay DemoTests/Info.plist";
				IPHONEOS_DEPLOYMENT_TARGET = 13.2;
				LD_RUNPATH_SEARCH_PATHS = (
					"$(inherited)",
					"@executable_path/Frameworks",
					"@loader_path/Frameworks",
				);
				PRODUCT_BUNDLE_IDENTIFIER = "CestarCollege.overlay-DemoTests";
				PRODUCT_NAME = "$(TARGET_NAME)";
				SWIFT_VERSION = 5.0;
				TARGETED_DEVICE_FAMILY = "1,2";
				TEST_HOST = "$(BUILT_PRODUCTS_DIR)/overlay Demo.app/overlay Demo";
			};
			name = Release;
		};
		9B19658A23C91349007F2460 /* Debug */ = {
			isa = XCBuildConfiguration;
			buildSettings = {
				ALWAYS_EMBED_SWIFT_STANDARD_LIBRARIES = YES;
				CODE_SIGN_STYLE = Automatic;
				INFOPLIST_FILE = "overlay DemoUITests/Info.plist";
				LD_RUNPATH_SEARCH_PATHS = (
					"$(inherited)",
					"@executable_path/Frameworks",
					"@loader_path/Frameworks",
				);
				PRODUCT_BUNDLE_IDENTIFIER = "CestarCollege.overlay-DemoUITests";
				PRODUCT_NAME = "$(TARGET_NAME)";
				SWIFT_VERSION = 5.0;
				TARGETED_DEVICE_FAMILY = "1,2";
				TEST_TARGET_NAME = "overlay Demo";
			};
			name = Debug;
		};
		9B19658B23C91349007F2460 /* Release */ = {
			isa = XCBuildConfiguration;
			buildSettings = {
				ALWAYS_EMBED_SWIFT_STANDARD_LIBRARIES = YES;
				CODE_SIGN_STYLE = Automatic;
				INFOPLIST_FILE = "overlay DemoUITests/Info.plist";
				LD_RUNPATH_SEARCH_PATHS = (
					"$(inherited)",
					"@executable_path/Frameworks",
					"@loader_path/Frameworks",
				);
				PRODUCT_BUNDLE_IDENTIFIER = "CestarCollege.overlay-DemoUITests";
				PRODUCT_NAME = "$(TARGET_NAME)";
				SWIFT_VERSION = 5.0;
				TARGETED_DEVICE_FAMILY = "1,2";
				TEST_TARGET_NAME = "overlay Demo";
			};
			name = Release;
		};
/* End XCBuildConfiguration section */

/* Begin XCConfigurationList section */
		9B19655423C91344007F2460 /* Build configuration list for PBXProject "overlay Demo" */ = {
			isa = XCConfigurationList;
			buildConfigurations = (
				9B19658123C91349007F2460 /* Debug */,
				9B19658223C91349007F2460 /* Release */,
			);
			defaultConfigurationIsVisible = 0;
			defaultConfigurationName = Release;
		};
		9B19658323C91349007F2460 /* Build configuration list for PBXNativeTarget "overlay Demo" */ = {
			isa = XCConfigurationList;
			buildConfigurations = (
				9B19658423C91349007F2460 /* Debug */,
				9B19658523C91349007F2460 /* Release */,
			);
			defaultConfigurationIsVisible = 0;
			defaultConfigurationName = Release;
		};
		9B19658623C91349007F2460 /* Build configuration list for PBXNativeTarget "overlay DemoTests" */ = {
			isa = XCConfigurationList;
			buildConfigurations = (
				9B19658723C91349007F2460 /* Debug */,
				9B19658823C91349007F2460 /* Release */,
			);
			defaultConfigurationIsVisible = 0;
			defaultConfigurationName = Release;
		};
		9B19658923C91349007F2460 /* Build configuration list for PBXNativeTarget "overlay DemoUITests" */ = {
			isa = XCConfigurationList;
			buildConfigurations = (
				9B19658A23C91349007F2460 /* Debug */,
				9B19658B23C91349007F2460 /* Release */,
			);
			defaultConfigurationIsVisible = 0;
			defaultConfigurationName = Release;
		};
/* End XCConfigurationList section */
	};
	rootObject = 9B19655123C91344007F2460 /* Project object */;
}
